
Microsoft Visual Studio Solution File, Format Version 12.00
# Visual Studio Version 17
VisualStudioVersion = 17.3.32819.101
MinimumVisualStudioVersion = 10.0.40219.1
Project("{888888A0-9F3D-457C-B088-3A5042F75D52}") = "kap 5 uppgift 4.2", "kap 5 uppgift 4.2\kap 5 uppgift 4.2.pyproj", "{C0937D71-001F-4098-B1F4-3792566F74F4}"
EndProject
Global
	GlobalSection(SolutionConfigurationPlatforms) = preSolution
		Debug|Any CPU = Debug|Any CPU
		Release|Any CPU = Release|Any CPU
	EndGlobalSection
	GlobalSection(ProjectConfigurationPlatforms) = postSolution
		{C0937D71-001F-4098-B1F4-3792566F74F4}.Debug|Any CPU.ActiveCfg = Debug|Any CPU
		{C0937D71-001F-4098-B1F4-3792566F74F4}.Release|Any CPU.ActiveCfg = Release|Any CPU
	EndGlobalSection
	GlobalSection(SolutionProperties) = preSolution
		HideSolutionNode = FALSE
	EndGlobalSection
	GlobalSection(ExtensibilityGlobals) = postSolution
		SolutionGuid = {E49449D0-C973-49D6-96FA-17B95880C471}
	EndGlobalSection
EndGlobal
